{
  "name": "lattice-grid-demo-flights",
  "version": "1.0.0",
  "lockfileVersion": 3,
  "requires": true,
  "packages": {
    "": {
      "name": "lattice-grid-demo-flights",
      "version": "1.0.0",
      "license": "MIT",
      "dependencies": {
        "@toclocoinc/lattice-grid": "^1.63.0"
      },
      "devDependencies": {
        "@duckdb/node-api": "^1.5.5-r.5"
      },
      "engines": {
        "node": ">=22"
      }
    },
    "node_modules/@duckdb/node-api": {
      "version": "1.5.5-r.5",
      "resolved": "https://registry.npmjs.org/@duckdb/node-api/-/node-api-1.5.5-r.5.tgz",
      "integrity": "sha512-ZMX+sel3DjSKbGuQ44Y5Tp5LwYjlJkhB5faKr+9sSMcxixDMSW+8vaTOD1uRDuN9o0udUoCY/XX9PI1haEZuZg==",
      "dev": true,
      "license": "MIT",
      "dependencies": {
        "@duckdb/node-bindings": "1.5.5-r.5"
      }
    },
    "node_modules/@duckdb/node-bindings": {
      "version": "1.5.5-r.5",
      "resolved": "https://registry.npmjs.org/@duckdb/node-bindings/-/node-bindings-1.5.5-r.5.tgz",
      "integrity": "sha512-sR7x91TfBunLqLbdvrcdiPCU+VGEQFPicxh1STZM402fuHW2ituPTAo2bY3IlntsvJShltrKF4R6B+JYPlAPZg==",
      "dev": true,
      "license": "MIT",
      "dependencies": {
        "detect-libc": "^2.1.2"
      },
      "optionalDependencies": {
        "@duckdb/node-bindings-darwin-arm64": "1.5.5-r.5",
        "@duckdb/node-bindings-darwin-x64": "1.5.5-r.5",
        "@duckdb/node-bindings-linux-arm64": "1.5.5-r.5",
        "@duckdb/node-bindings-linux-arm64-musl": "1.5.5-r.5",
        "@duckdb/node-bindings-linux-x64": "1.5.5-r.5",
        "@duckdb/node-bindings-linux-x64-musl": "1.5.5-r.5",
        "@duckdb/node-bindings-win32-arm64": "1.5.5-r.5",
        "@duckdb/node-bindings-win32-x64": "1.5.5-r.5"
      }
    },
    "node_modules/@duckdb/node-bindings-darwin-arm64": {
      "version": "1.5.5-r.5",
      "resolved": "https://registry.npmjs.org/@duckdb/node-bindings-darwin-arm64/-/node-bindings-darwin-arm64-1.5.5-r.5.tgz",
      "integrity": "sha512-WJdeLTFy4pRg60rkbp9smtlP1iIQ8ErtIJkxS+2LQtM1ZZMSByyW+3WPpNoKe7IwPtVl2fLlPw7tDmQW4Z974g==",
      "cpu": [
        "arm64"
      ],
      "dev": true,
      "license": "MIT",
      "optional": true,
      "os": [
        "darwin"
      ]
    },
    "node_modules/@duckdb/node-bindings-darwin-x64": {
      "version": "1.5.5-r.5",
      "resolved": "https://registry.npmjs.org/@duckdb/node-bindings-darwin-x64/-/node-bindings-darwin-x64-1.5.5-r.5.tgz",
      "integrity": "sha512-rN0KjX13MwVQ5V5ufykolty/tf4SaafOpGWcUA1Cegf98jPeRdsJsEE1IMXn8n3u6WvMSZEVJmHJ3ma4Hr7Vzg==",
      "cpu": [
        "x64"
      ],
      "dev": true,
      "license": "MIT",
      "optional": true,
      "os": [
        "darwin"
      ]
    },
    "node_modules/@duckdb/node-bindings-linux-arm64": {
      "version": "1.5.5-r.5",
      "resolved": "https://registry.npmjs.org/@duckdb/node-bindings-linux-arm64/-/node-bindings-linux-arm64-1.5.5-r.5.tgz",
      "integrity": "sha512-CafH2AIvXtpwDynG3KB/4uEOHRGlFoB7auCRMIwH3BKNIobsANV5LSpDJ3tfyRCFIsK6e8AT1eseWVnu2Dv3cw==",
      "cpu": [
        "arm64"
      ],
      "dev": true,
      "license": "MIT",
      "optional": true,
      "os": [
        "linux"
      ]
    },
    "node_modules/@duckdb/node-bindings-linux-arm64-musl": {
      "version": "1.5.5-r.5",
      "resolved": "https://registry.npmjs.org/@duckdb/node-bindings-linux-arm64-musl/-/node-bindings-linux-arm64-musl-1.5.5-r.5.tgz",
      "integrity": "sha512-00z3mYHUBAucp3L73EoftKDdaGOaV8ENELejiT+PK7dFjTzdXxqhJwZ1LaQV1/zEhIecz+x23f6WvFhWw+7XXQ==",
      "cpu": [
        "arm64"
      ],
      "dev": true,
      "license": "MIT",
      "optional": true,
      "os": [
        "linux"
      ]
    },
    "node_modules/@duckdb/node-bindings-linux-x64": {
      "version": "1.5.5-r.5",
      "resolved": "https://registry.npmjs.org/@duckdb/node-bindings-linux-x64/-/node-bindings-linux-x64-1.5.5-r.5.tgz",
      "integrity": "sha512-kCyq6BXhn6QXfwF8yVdVKriSSHP+rfVWcJ56cG8qZzlOZpxyvT5WGm6jMshxg4ditLlOsHsIN/D47RYrcjXuHQ==",
      "cpu": [
        "x64"
      ],
      "dev": true,
      "license": "MIT",
      "optional": true,
      "os": [
        "linux"
      ]
    },
    "node_modules/@duckdb/node-bindings-linux-x64-musl": {
      "version": "1.5.5-r.5",
      "resolved": "https://registry.npmjs.org/@duckdb/node-bindings-linux-x64-musl/-/node-bindings-linux-x64-musl-1.5.5-r.5.tgz",
      "integrity": "sha512-S5qEc7F+GjXt85T2xArjjvN5oc/IjtH6zsLJsuo8N3fQolheBCefemIMdZoK2Jik8a0sBxidiS6Ld4qprMPPDw==",
      "cpu": [
        "x64"
      ],
      "dev": true,
      "license": "MIT",
      "optional": true,
      "os": [
        "linux"
      ]
    },
    "node_modules/@duckdb/node-bindings-win32-arm64": {
      "version": "1.5.5-r.5",
      "resolved": "https://registry.npmjs.org/@duckdb/node-bindings-win32-arm64/-/node-bindings-win32-arm64-1.5.5-r.5.tgz",
      "integrity": "sha512-L3Mroc23xhqOowWVElni8LgEmsm5e9DdG1y2pLka/1ug3Pl2vpQMl1Phxwz4UEMF8DOBbMgN5BBNrYwG2BFo+g==",
      "cpu": [
        "arm64"
      ],
      "dev": true,
      "license": "MIT",
      "optional": true,
      "os": [
        "win32"
      ]
    },
    "node_modules/@duckdb/node-bindings-win32-x64": {
      "version": "1.5.5-r.5",
      "resolved": "https://registry.npmjs.org/@duckdb/node-bindings-win32-x64/-/node-bindings-win32-x64-1.5.5-r.5.tgz",
      "integrity": "sha512-mBGFn8netT/AAhK4TOG6Fw47+Db68CxCVtQ9qfxZc1kZAjds+aYrh17Fd/u5CbTDdxILsrcyuF8q9cUcm54kQA==",
      "cpu": [
        "x64"
      ],
      "dev": true,
      "license": "MIT",
      "optional": true,
      "os": [
        "win32"
      ]
    },
    "node_modules/@toclocoinc/lattice-grid": {
      "version": "1.63.0",
      "resolved": "https://registry.npmjs.org/@toclocoinc/lattice-grid/-/lattice-grid-1.63.0.tgz",
      "integrity": "sha512-Fp1GxHMvgBP2j1JCSnVZNO+46jCwC26nKSiM7aZ3BXLpIpA48Em4JJQEEixs8dvDLifrh4XqoAAYH9mbGt5q7w==",
      "license": "SEE LICENSE IN LICENSE"
    },
    "node_modules/detect-libc": {
      "version": "2.1.2",
      "resolved": "https://registry.npmjs.org/detect-libc/-/detect-libc-2.1.2.tgz",
      "integrity": "sha512-Btj2BOOO83o3WyH59e8MgXsxEQVcarkUOpEYrubB0urwnN10yQ364rsiByU11nZlqWYZm05i/of7io4mzihBtQ==",
      "dev": true,
      "license": "Apache-2.0",
      "engines": {
        "node": ">=8"
      }
    }
  }
}
